
Microsoft Visual Studio Solution File, Format Version 12.00
# Visual Studio 15
VisualStudioVersion = 15.0.28307.106
MinimumVisualStudioVersion = 10.0.40219.1
Project("{FAE04EC0-301F-11D3-BF4B-00C04F79EFBC}") = "WindowsFormsApp-first", "WindowsFormsApp-first\WindowsFormsApp-first.csproj", "{7EADCB91-0806-4CBE-9C88-5E16EDD32FB5}"
EndProject
Global
	GlobalSection(SolutionConfigurationPlatforms) = preSolution
		Debug|Any CPU = Debug|Any CPU
		Release|Any CPU = Release|Any CPU
	EndGlobalSection
	GlobalSection(ProjectConfigurationPlatforms) = postSolution
		{7EADCB91-0806-4CBE-9C88-5E16EDD32FB5}.Debug|Any CPU.ActiveCfg = Debug|Any CPU
		{7EADCB91-0806-4CBE-9C88-5E16EDD32FB5}.Debug|Any CPU.Build.0 = Debug|Any CPU
		{7EADCB91-0806-4CBE-9C88-5E16EDD32FB5}.Release|Any CPU.ActiveCfg = Release|Any CPU
		{7EADCB91-0806-4CBE-9C88-5E16EDD32FB5}.Release|Any CPU.Build.0 = Release|Any CPU
	EndGlobalSection
	GlobalSection(SolutionProperties) = preSolution
		HideSolutionNode = FALSE
	EndGlobalSection
	GlobalSection(ExtensibilityGlobals) = postSolution
		SolutionGuid = {BEB74493-3CD3-4666-9876-7BA33B00FE9D}
	EndGlobalSection
EndGlobal
